
Microsoft Visual Studio Solution File, Format Version 12.00
Project("{2150E333-8FDC-42A3-9474-1A3956D46DE8}") = "src", "src", "{59BE6FA5-BF0D-429F-B2EE-1A8A4719FE85}"
EndProject
Project("{2150E333-8FDC-42A3-9474-1A3956D46DE8}") = "Solution Items", "Solution Items", "{8DE83568-DAF6-47DC-9579-3DD6D19D5AA2}"
	ProjectSection(SolutionItems) = preProject
		.gitignore = .gitignore
		global.json = global.json
		Directory.Build.props = Directory.Build.props
		Directory.Packages.props = Directory.Packages.props
		NuGet.config = NuGet.config
	EndProjectSection
EndProject
Project("{FAE04EC0-301F-11D3-BF4B-00C04F79EFBC}") = "Domain", "Domain\Domain.csproj", "{688858DD-FEC7-4515-933B-525E9B2A2FF5}"
EndProject
Project("{FAE04EC0-301F-11D3-BF4B-00C04F79EFBC}") = "Persistence", "Persistence\Persistence.csproj", "{055AD9EA-9E3A-4330-8F79-3C5866FDE3C7}"
EndProject
Project("{2150E333-8FDC-42A3-9474-1A3956D46DE8}") = "infrastructure", "infrastructure", "{6D637957-2E00-43BA-A22F-05464B381287}"
EndProject
Project("{2150E333-8FDC-42A3-9474-1A3956D46DE8}") = "contracts", "contracts", "{8164350B-0EA8-4BF7-8A65-AEDE6563DB88}"
EndProject
Project("{FAE04EC0-301F-11D3-BF4B-00C04F79EFBC}") = "Persistence.Contracts", "Persistence.Contracts\Persistence.Contracts.csproj", "{A4862FE6-D9CE-4462-856E-32316DE2EB40}"
EndProject
Project("{FAE04EC0-301F-11D3-BF4B-00C04F79EFBC}") = "Application.Contracts", "Application.Contracts\Application.Contracts.csproj", "{BE35FB21-E08E-494A-AD16-7493E42E5254}"
EndProject
Project("{FAE04EC0-301F-11D3-BF4B-00C04F79EFBC}") = "Application", "Application\Application.csproj", "{CE6597F4-C805-4E4D-8B1D-7E06B9F06AB9}"
EndProject
Project("{FAE04EC0-301F-11D3-BF4B-00C04F79EFBC}") = "Web", "Web\Web.csproj", "{90954B9F-33A2-472E-B218-7B109C5D19DB}"
EndProject
Global
	GlobalSection(SolutionConfigurationPlatforms) = preSolution
		Debug|Any CPU = Debug|Any CPU
		Release|Any CPU = Release|Any CPU
	EndGlobalSection
	GlobalSection(ProjectConfigurationPlatforms) = postSolution
		{688858DD-FEC7-4515-933B-525E9B2A2FF5}.Debug|Any CPU.ActiveCfg = Debug|Any CPU
		{688858DD-FEC7-4515-933B-525E9B2A2FF5}.Debug|Any CPU.Build.0 = Debug|Any CPU
		{688858DD-FEC7-4515-933B-525E9B2A2FF5}.Release|Any CPU.ActiveCfg = Release|Any CPU
		{688858DD-FEC7-4515-933B-525E9B2A2FF5}.Release|Any CPU.Build.0 = Release|Any CPU
		{055AD9EA-9E3A-4330-8F79-3C5866FDE3C7}.Debug|Any CPU.ActiveCfg = Debug|Any CPU
		{055AD9EA-9E3A-4330-8F79-3C5866FDE3C7}.Debug|Any CPU.Build.0 = Debug|Any CPU
		{055AD9EA-9E3A-4330-8F79-3C5866FDE3C7}.Release|Any CPU.ActiveCfg = Release|Any CPU
		{055AD9EA-9E3A-4330-8F79-3C5866FDE3C7}.Release|Any CPU.Build.0 = Release|Any CPU
		{A4862FE6-D9CE-4462-856E-32316DE2EB40}.Debug|Any CPU.ActiveCfg = Debug|Any CPU
		{A4862FE6-D9CE-4462-856E-32316DE2EB40}.Debug|Any CPU.Build.0 = Debug|Any CPU
		{A4862FE6-D9CE-4462-856E-32316DE2EB40}.Release|Any CPU.ActiveCfg = Release|Any CPU
		{A4862FE6-D9CE-4462-856E-32316DE2EB40}.Release|Any CPU.Build.0 = Release|Any CPU
		{BE35FB21-E08E-494A-AD16-7493E42E5254}.Debug|Any CPU.ActiveCfg = Debug|Any CPU
		{BE35FB21-E08E-494A-AD16-7493E42E5254}.Debug|Any CPU.Build.0 = Debug|Any CPU
		{BE35FB21-E08E-494A-AD16-7493E42E5254}.Release|Any CPU.ActiveCfg = Release|Any CPU
		{BE35FB21-E08E-494A-AD16-7493E42E5254}.Release|Any CPU.Build.0 = Release|Any CPU
		{CE6597F4-C805-4E4D-8B1D-7E06B9F06AB9}.Debug|Any CPU.ActiveCfg = Debug|Any CPU
		{CE6597F4-C805-4E4D-8B1D-7E06B9F06AB9}.Debug|Any CPU.Build.0 = Debug|Any CPU
		{CE6597F4-C805-4E4D-8B1D-7E06B9F06AB9}.Release|Any CPU.ActiveCfg = Release|Any CPU
		{CE6597F4-C805-4E4D-8B1D-7E06B9F06AB9}.Release|Any CPU.Build.0 = Release|Any CPU
		{90954B9F-33A2-472E-B218-7B109C5D19DB}.Debug|Any CPU.ActiveCfg = Debug|Any CPU
		{90954B9F-33A2-472E-B218-7B109C5D19DB}.Debug|Any CPU.Build.0 = Debug|Any CPU
		{90954B9F-33A2-472E-B218-7B109C5D19DB}.Release|Any CPU.ActiveCfg = Release|Any CPU
		{90954B9F-33A2-472E-B218-7B109C5D19DB}.Release|Any CPU.Build.0 = Release|Any CPU
	EndGlobalSection
	GlobalSection(NestedProjects) = preSolution
		{688858DD-FEC7-4515-933B-525E9B2A2FF5} = {59BE6FA5-BF0D-429F-B2EE-1A8A4719FE85}
		{6D637957-2E00-43BA-A22F-05464B381287} = {59BE6FA5-BF0D-429F-B2EE-1A8A4719FE85}
		{055AD9EA-9E3A-4330-8F79-3C5866FDE3C7} = {6D637957-2E00-43BA-A22F-05464B381287}
		{8164350B-0EA8-4BF7-8A65-AEDE6563DB88} = {59BE6FA5-BF0D-429F-B2EE-1A8A4719FE85}
		{A4862FE6-D9CE-4462-856E-32316DE2EB40} = {8164350B-0EA8-4BF7-8A65-AEDE6563DB88}
		{BE35FB21-E08E-494A-AD16-7493E42E5254} = {8164350B-0EA8-4BF7-8A65-AEDE6563DB88}
		{CE6597F4-C805-4E4D-8B1D-7E06B9F06AB9} = {59BE6FA5-BF0D-429F-B2EE-1A8A4719FE85}
		{90954B9F-33A2-472E-B218-7B109C5D19DB} = {59BE6FA5-BF0D-429F-B2EE-1A8A4719FE85}
	EndGlobalSection
EndGlobal
